
Microsoft Visual Studio Solution File, Format Version 12.00
# Visual Studio Version 16
VisualStudioVersion = 16.0.30503.244
MinimumVisualStudioVersion = 10.0.40219.1
Project("{FAE04EC0-301F-11D3-BF4B-00C04F79EFBC}") = "LopHinhChuNhat", "LopHinhChuNhat\LopHinhChuNhat.csproj", "{B132B1CB-CD91-4FE5-9101-C01CB0698A19}"
EndProject
Global
	GlobalSection(SolutionConfigurationPlatforms) = preSolution
		Debug|Any CPU = Debug|Any CPU
		Release|Any CPU = Release|Any CPU
	EndGlobalSection
	GlobalSection(ProjectConfigurationPlatforms) = postSolution
		{B132B1CB-CD91-4FE5-9101-C01CB0698A19}.Debug|Any CPU.ActiveCfg = Debug|Any CPU
		{B132B1CB-CD91-4FE5-9101-C01CB0698A19}.Debug|Any CPU.Build.0 = Debug|Any CPU
		{B132B1CB-CD91-4FE5-9101-C01CB0698A19}.Release|Any CPU.ActiveCfg = Release|Any CPU
		{B132B1CB-CD91-4FE5-9101-C01CB0698A19}.Release|Any CPU.Build.0 = Release|Any CPU
	EndGlobalSection
	GlobalSection(SolutionProperties) = preSolution
		HideSolutionNode = FALSE
	EndGlobalSection
	GlobalSection(ExtensibilityGlobals) = postSolution
		SolutionGuid = {8838DAAC-A74F-40DF-BB4A-418914A5543A}
	EndGlobalSection
EndGlobal
